
Microsoft Visual Studio Solution File, Format Version 12.00
# Visual Studio 15
VisualStudioVersion = 15.0.26730.16
MinimumVisualStudioVersion = 10.0.40219.1
Project("{FAE04EC0-301F-11D3-BF4B-00C04F79EFBC}") = "ProjectManagementStudio", "ProjectManagementStudio\ProjectManagementStudio.csproj", "{8273F434-3E12-4EF5-B24D-82BE2B079B09}"
EndProject
Project("{FAE04EC0-301F-11D3-BF4B-00C04F79EFBC}") = "EmsEntity", "EmsEntity\EmsEntity.csproj", "{9DBBD49F-81E7-41A5-AFAC-A5853744972D}"
EndProject
Project("{FAE04EC0-301F-11D3-BF4B-00C04F79EFBC}") = "EmsRepo", "EmsRepo\EmsRepo.csproj", "{4C42E20C-DF6B-4F72-B2B0-4AD83B26C60F}"
EndProject
Project("{FAE04EC0-301F-11D3-BF4B-00C04F79EFBC}") = "EmsService", "EmsService\EmsService.csproj", "{D3881FEB-8019-4212-AA1D-A8F7DC641EC3}"
EndProject
Project("{FAE04EC0-301F-11D3-BF4B-00C04F79EFBC}") = "ApiNew", "ApiNew\ApiNew.csproj", "{96296EDC-822C-4716-96B2-A245D8503210}"
EndProject
Global
	GlobalSection(SolutionConfigurationPlatforms) = preSolution
		Debug|Any CPU = Debug|Any CPU
		Release|Any CPU = Release|Any CPU
	EndGlobalSection
	GlobalSection(ProjectConfigurationPlatforms) = postSolution
		{8273F434-3E12-4EF5-B24D-82BE2B079B09}.Debug|Any CPU.ActiveCfg = Debug|Any CPU
		{8273F434-3E12-4EF5-B24D-82BE2B079B09}.Debug|Any CPU.Build.0 = Debug|Any CPU
		{8273F434-3E12-4EF5-B24D-82BE2B079B09}.Release|Any CPU.ActiveCfg = Release|Any CPU
		{8273F434-3E12-4EF5-B24D-82BE2B079B09}.Release|Any CPU.Build.0 = Release|Any CPU
		{9DBBD49F-81E7-41A5-AFAC-A5853744972D}.Debug|Any CPU.ActiveCfg = Debug|Any CPU
		{9DBBD49F-81E7-41A5-AFAC-A5853744972D}.Debug|Any CPU.Build.0 = Debug|Any CPU
		{9DBBD49F-81E7-41A5-AFAC-A5853744972D}.Release|Any CPU.ActiveCfg = Release|Any CPU
		{9DBBD49F-81E7-41A5-AFAC-A5853744972D}.Release|Any CPU.Build.0 = Release|Any CPU
		{4C42E20C-DF6B-4F72-B2B0-4AD83B26C60F}.Debug|Any CPU.ActiveCfg = Debug|Any CPU
		{4C42E20C-DF6B-4F72-B2B0-4AD83B26C60F}.Debug|Any CPU.Build.0 = Debug|Any CPU
		{4C42E20C-DF6B-4F72-B2B0-4AD83B26C60F}.Release|Any CPU.ActiveCfg = Release|Any CPU
		{4C42E20C-DF6B-4F72-B2B0-4AD83B26C60F}.Release|Any CPU.Build.0 = Release|Any CPU
		{D3881FEB-8019-4212-AA1D-A8F7DC641EC3}.Debug|Any CPU.ActiveCfg = Debug|Any CPU
		{D3881FEB-8019-4212-AA1D-A8F7DC641EC3}.Debug|Any CPU.Build.0 = Debug|Any CPU
		{D3881FEB-8019-4212-AA1D-A8F7DC641EC3}.Release|Any CPU.ActiveCfg = Release|Any CPU
		{D3881FEB-8019-4212-AA1D-A8F7DC641EC3}.Release|Any CPU.Build.0 = Release|Any CPU
		{96296EDC-822C-4716-96B2-A245D8503210}.Debug|Any CPU.ActiveCfg = Debug|Any CPU
		{96296EDC-822C-4716-96B2-A245D8503210}.Debug|Any CPU.Build.0 = Debug|Any CPU
		{96296EDC-822C-4716-96B2-A245D8503210}.Release|Any CPU.ActiveCfg = Release|Any CPU
		{96296EDC-822C-4716-96B2-A245D8503210}.Release|Any CPU.Build.0 = Release|Any CPU
	EndGlobalSection
	GlobalSection(SolutionProperties) = preSolution
		HideSolutionNode = FALSE
	EndGlobalSection
	GlobalSection(ExtensibilityGlobals) = postSolution
		SolutionGuid = {A31B9651-3D9F-46EF-9E4D-63688990768A}
	EndGlobalSection
EndGlobal
